
Microsoft Visual Studio Solution File, Format Version 12.00
Project("{FAE04EC0-301F-11D3-BF4B-00C04F79EFBC}") = "apbd-test3", "apbd-test3\apbd-test3.csproj", "{1C17C81C-5103-416B-B58F-9615F258EE60}"
EndProject
Global
	GlobalSection(SolutionConfigurationPlatforms) = preSolution
		Debug|Any CPU = Debug|Any CPU
		Release|Any CPU = Release|Any CPU
	EndGlobalSection
	GlobalSection(ProjectConfigurationPlatforms) = postSolution
		{1C17C81C-5103-416B-B58F-9615F258EE60}.Debug|Any CPU.ActiveCfg = Debug|Any CPU
		{1C17C81C-5103-416B-B58F-9615F258EE60}.Debug|Any CPU.Build.0 = Debug|Any CPU
		{1C17C81C-5103-416B-B58F-9615F258EE60}.Release|Any CPU.ActiveCfg = Release|Any CPU
		{1C17C81C-5103-416B-B58F-9615F258EE60}.Release|Any CPU.Build.0 = Release|Any CPU
	EndGlobalSection
EndGlobal
